// !$*UTF8*$!
{
	archiveVersion = 1;
	classes = {
	};
	objectVersion = 55;
	objects = {

/* Begin PBXBuildFile section */
		C41264662672A4B80035983F /* AppDelegate.swift in Sources */ = {isa = PBXBuildFile; fileRef = C41264652672A4B80035983F /* AppDelegate.swift */; };
		C41264682672A4B80035983F /* SceneDelegate.swift in Sources */ = {isa = PBXBuildFile; fileRef = C41264672672A4B80035983F /* SceneDelegate.swift */; };
		C412646A2672A4B80035983F /* ViewController.swift in Sources */ = {isa = PBXBuildFile; fileRef = C41264692672A4B80035983F /* ViewController.swift */; };
		C412646D2672A4B80035983F /* Main.storyboard in Resources */ = {isa = PBXBuildFile; fileRef = C412646B2672A4B80035983F /* Main.storyboard */; };
		C412646F2672A4B90035983F /* Assets.xcassets in Resources */ = {isa = PBXBuildFile; fileRef = C412646E2672A4B90035983F /* Assets.xcassets */; };
		C41264722672A4B90035983F /* LaunchScreen.storyboard in Resources */ = {isa = PBXBuildFile; fileRef = C41264702672A4B90035983F /* LaunchScreen.storyboard */; };
		C41264D02672A7380035983F /* blank.png in Resources */ = {isa = PBXBuildFile; fileRef = C41264C82672A7380035983F /* blank.png */; };
		C41264D12672A7380035983F /* Boo.png in Resources */ = {isa = PBXBuildFile; fileRef = C41264C92672A7380035983F /* Boo.png */; };
		C41264D42672A7380035983F /* corgi.png in Resources */ = {isa = PBXBuildFile; fileRef = C41264CC2672A7380035983F /* corgi.png */; };
		C41264D52672A7380035983F /* Pontus.png in Resources */ = {isa = PBXBuildFile; fileRef = C41264CD2672A7380035983F /* Pontus.png */; };
		C41264D62672A7380035983F /* AnnaAvatar.png in Resources */ = {isa = PBXBuildFile; fileRef = C41264CE2672A7380035983F /* AnnaAvatar.png */; };
		C41264D72672A7380035983F /* Buddy.png in Resources */ = {isa = PBXBuildFile; fileRef = C41264CF2672A7380035983F /* Buddy.png */; };
		C41264DE2672BC160035983F /* AmericanEskimo.png in Resources */ = {isa = PBXBuildFile; fileRef = C41264DD2672BC160035983F /* AmericanEskimo.png */; };
		C41264E02672BE730035983F /* ChoosePuppyActivity.swift in Sources */ = {isa = PBXBuildFile; fileRef = C41264DF2672BE730035983F /* ChoosePuppyActivity.swift */; };
		C472C00F26751FDF00319A91 /* GroupActivityHandler.swift in Sources */ = {isa = PBXBuildFile; fileRef = C472C00E26751FDF00319A91 /* GroupActivityHandler.swift */; };
		C472C0112675221700319A91 /* ChoosePuppyMessage.swift in Sources */ = {isa = PBXBuildFile; fileRef = C472C0102675221700319A91 /* ChoosePuppyMessage.swift */; };
		C472C01326758BB100319A91 /* SnowyTricolorSheltie.png in Resources */ = {isa = PBXBuildFile; fileRef = C472C01226758BB100319A91 /* SnowyTricolorSheltie.png */; };
/* End PBXBuildFile section */

/* Begin PBXFileReference section */
		C41264622672A4B80035983F /* GroupActivitiesPuppies.app */ = {isa = PBXFileReference; explicitFileType = wrapper.application; includeInIndex = 0; path = GroupActivitiesPuppies.app; sourceTree = BUILT_PRODUCTS_DIR; };
		C41264652672A4B80035983F /* AppDelegate.swift */ = {isa = PBXFileReference; lastKnownFileType = sourcecode.swift; path = AppDelegate.swift; sourceTree = "<group>"; };
		C41264672672A4B80035983F /* SceneDelegate.swift */ = {isa = PBXFileReference; lastKnownFileType = sourcecode.swift; path = SceneDelegate.swift; sourceTree = "<group>"; };
		C41264692672A4B80035983F /* ViewController.swift */ = {isa = PBXFileReference; lastKnownFileType = sourcecode.swift; path = ViewController.swift; sourceTree = "<group>"; };
		C412646C2672A4B80035983F /* Base */ = {isa = PBXFileReference; lastKnownFileType = file.storyboard; name = Base; path = Base.lproj/Main.storyboard; sourceTree = "<group>"; };
		C412646E2672A4B90035983F /* Assets.xcassets */ = {isa = PBXFileReference; lastKnownFileType = folder.assetcatalog; path = Assets.xcassets; sourceTree = "<group>"; };
		C41264712672A4B90035983F /* Base */ = {isa = PBXFileReference; lastKnownFileType = file.storyboard; name = Base; path = Base.lproj/LaunchScreen.storyboard; sourceTree = "<group>"; };
		C41264732672A4B90035983F /* Info.plist */ = {isa = PBXFileReference; lastKnownFileType = text.plist.xml; path = Info.plist; sourceTree = "<group>"; };
		C41264C82672A7380035983F /* blank.png */ = {isa = PBXFileReference; lastKnownFileType = image.png; path = blank.png; sourceTree = "<group>"; };
		C41264C92672A7380035983F /* Boo.png */ = {isa = PBXFileReference; lastKnownFileType = image.png; path = Boo.png; sourceTree = "<group>"; };
		C41264CC2672A7380035983F /* corgi.png */ = {isa = PBXFileReference; lastKnownFileType = image.png; path = corgi.png; sourceTree = "<group>"; };
		C41264CD2672A7380035983F /* Pontus.png */ = {isa = PBXFileReference; lastKnownFileType = image.png; path = Pontus.png; sourceTree = "<group>"; };
		C41264CE2672A7380035983F /* AnnaAvatar.png */ = {isa = PBXFileReference; lastKnownFileType = image.png; path = AnnaAvatar.png; sourceTree = "<group>"; };
		C41264CF2672A7380035983F /* Buddy.png */ = {isa = PBXFileReference; lastKnownFileType = image.png; path = Buddy.png; sourceTree = "<group>"; };
		C41264DC2672BBDA0035983F /* GroupActivitiesPuppies.entitlements */ = {isa = PBXFileReference; lastKnownFileType = text.plist.entitlements; path = GroupActivitiesPuppies.entitlements; sourceTree = "<group>"; };
		C41264DD2672BC160035983F /* AmericanEskimo.png */ = {isa = PBXFileReference; lastKnownFileType = image.png; path = AmericanEskimo.png; sourceTree = "<group>"; };
		C41264DF2672BE730035983F /* ChoosePuppyActivity.swift */ = {isa = PBXFileReference; lastKnownFileType = sourcecode.swift; path = ChoosePuppyActivity.swift; sourceTree = "<group>"; };
		C472C00E26751FDF00319A91 /* GroupActivityHandler.swift */ = {isa = PBXFileReference; lastKnownFileType = sourcecode.swift; path = GroupActivityHandler.swift; sourceTree = "<group>"; };
		C472C0102675221700319A91 /* ChoosePuppyMessage.swift */ = {isa = PBXFileReference; lastKnownFileType = sourcecode.swift; path = ChoosePuppyMessage.swift; sourceTree = "<group>"; };
		C472C01226758BB100319A91 /* SnowyTricolorSheltie.png */ = {isa = PBXFileReference; lastKnownFileType = image.png; path = SnowyTricolorSheltie.png; sourceTree = "<group>"; };
		C472C0142676787800319A91 /* README.md */ = {isa = PBXFileReference; lastKnownFileType = net.daringfireball.markdown; path = README.md; sourceTree = "<group>"; };
		C472C015267681D900319A91 /* .gitignore */ = {isa = PBXFileReference; lastKnownFileType = text; path = .gitignore; sourceTree = "<group>"; };
/* End PBXFileReference section */

/* Begin PBXFrameworksBuildPhase section */
		C412645F2672A4B80035983F /* Frameworks */ = {
			isa = PBXFrameworksBuildPhase;
			buildActionMask = 2147483647;
			files = (
			);
			runOnlyForDeploymentPostprocessing = 0;
		};
/* End PBXFrameworksBuildPhase section */

/* Begin PBXGroup section */
		C41264592672A4B80035983F = {
			isa = PBXGroup;
			children = (
				C472C0142676787800319A91 /* README.md */,
				C472C015267681D900319A91 /* .gitignore */,
				C41264642672A4B80035983F /* GroupActivitiesPuppies */,
				C41264632672A4B80035983F /* Products */,
			);
			sourceTree = "<group>";
		};
		C41264632672A4B80035983F /* Products */ = {
			isa = PBXGroup;
			children = (
				C41264622672A4B80035983F /* GroupActivitiesPuppies.app */,
			);
			name = Products;
			sourceTree = "<group>";
		};
		C41264642672A4B80035983F /* GroupActivitiesPuppies */ = {
			isa = PBXGroup;
			children = (
				C41264DC2672BBDA0035983F /* GroupActivitiesPuppies.entitlements */,
				C41264C72672A7100035983F /* Images */,
				C41264652672A4B80035983F /* AppDelegate.swift */,
				C41264DF2672BE730035983F /* ChoosePuppyActivity.swift */,
				C472C0102675221700319A91 /* ChoosePuppyMessage.swift */,
				C472C00E26751FDF00319A91 /* GroupActivityHandler.swift */,
				C41264672672A4B80035983F /* SceneDelegate.swift */,
				C41264692672A4B80035983F /* ViewController.swift */,
				C412646B2672A4B80035983F /* Main.storyboard */,
				C412646E2672A4B90035983F /* Assets.xcassets */,
				C41264702672A4B90035983F /* LaunchScreen.storyboard */,
				C41264732672A4B90035983F /* Info.plist */,
			);
			path = GroupActivitiesPuppies;
			sourceTree = "<group>";
		};
		C41264C72672A7100035983F /* Images */ = {
			isa = PBXGroup;
			children = (
				C41264DD2672BC160035983F /* AmericanEskimo.png */,
				C41264CE2672A7380035983F /* AnnaAvatar.png */,
				C41264C82672A7380035983F /* blank.png */,
				C41264C92672A7380035983F /* Boo.png */,
				C41264CF2672A7380035983F /* Buddy.png */,
				C41264CC2672A7380035983F /* corgi.png */,
				C41264CD2672A7380035983F /* Pontus.png */,
				C472C01226758BB100319A91 /* SnowyTricolorSheltie.png */,
			);
			path = Images;
			sourceTree = "<group>";
		};
/* End PBXGroup section */

/* Begin PBXNativeTarget section */
		C41264612672A4B80035983F /* GroupActivitiesPuppies */ = {
			isa = PBXNativeTarget;
			buildConfigurationList = C41264762672A4B90035983F /* Build configuration list for PBXNativeTarget "GroupActivitiesPuppies" */;
			buildPhases = (
				C412645E2672A4B80035983F /* Sources */,
				C412645F2672A4B80035983F /* Frameworks */,
				C41264602672A4B80035983F /* Resources */,
			);
			buildRules = (
			);
			dependencies = (
			);
			name = GroupActivitiesPuppies;
			productName = GroupActivitiesPuppies;
			productReference = C41264622672A4B80035983F /* GroupActivitiesPuppies.app */;
			productType = "com.apple.product-type.application";
		};
/* End PBXNativeTarget section */

/* Begin PBXProject section */
		C412645A2672A4B80035983F /* Project object */ = {
			isa = PBXProject;
			attributes = {
				BuildIndependentTargetsInParallel = 1;
				LastSwiftUpdateCheck = 1300;
				LastUpgradeCheck = 1300;
				TargetAttributes = {
					C41264612672A4B80035983F = {
						CreatedOnToolsVersion = 13.0;
					};
				};
			};
			buildConfigurationList = C412645D2672A4B80035983F /* Build configuration list for PBXProject "GroupActivitiesPuppies" */;
			compatibilityVersion = "Xcode 13.0";
			developmentRegion = en;
			hasScannedForEncodings = 0;
			knownRegions = (
				en,
				Base,
			);
			mainGroup = C41264592672A4B80035983F;
			productRefGroup = C41264632672A4B80035983F /* Products */;
			projectDirPath = "";
			projectRoot = "";
			targets = (
				C41264612672A4B80035983F /* GroupActivitiesPuppies */,
			);
		};
/* End PBXProject section */

/* Begin PBXResourcesBuildPhase section */
		C41264602672A4B80035983F /* Resources */ = {
			isa = PBXResourcesBuildPhase;
			buildActionMask = 2147483647;
			files = (
				C41264D72672A7380035983F /* Buddy.png in Resources */,
				C41264D42672A7380035983F /* corgi.png in Resources */,
				C41264D02672A7380035983F /* blank.png in Resources */,
				C472C01326758BB100319A91 /* SnowyTricolorSheltie.png in Resources */,
				C41264D62672A7380035983F /* AnnaAvatar.png in Resources */,
				C41264D52672A7380035983F /* Pontus.png in Resources */,
				C41264722672A4B90035983F /* LaunchScreen.storyboard in Resources */,
				C412646F2672A4B90035983F /* Assets.xcassets in Resources */,
				C412646D2672A4B80035983F /* Main.storyboard in Resources */,
				C41264DE2672BC160035983F /* AmericanEskimo.png in Resources */,
				C41264D12672A7380035983F /* Boo.png in Resources */,
			);
			runOnlyForDeploymentPostprocessing = 0;
		};
/* End PBXResourcesBuildPhase section */

/* Begin PBXSourcesBuildPhase section */
		C412645E2672A4B80035983F /* Sources */ = {
			isa = PBXSourcesBuildPhase;
			buildActionMask = 2147483647;
			files = (
				C412646A2672A4B80035983F /* ViewController.swift in Sources */,
				C41264662672A4B80035983F /* AppDelegate.swift in Sources */,
				C41264682672A4B80035983F /* SceneDelegate.swift in Sources */,
				C41264E02672BE730035983F /* ChoosePuppyActivity.swift in Sources */,
				C472C00F26751FDF00319A91 /* GroupActivityHandler.swift in Sources */,
				C472C0112675221700319A91 /* ChoosePuppyMessage.swift in Sources */,
			);
			runOnlyForDeploymentPostprocessing = 0;
		};
/* End PBXSourcesBuildPhase section */

/* Begin PBXVariantGroup section */
		C412646B2672A4B80035983F /* Main.storyboard */ = {
			isa = PBXVariantGroup;
			children = (
				C412646C2672A4B80035983F /* Base */,
			);
			name = Main.storyboard;
			sourceTree = "<group>";
		};
		C41264702672A4B90035983F /* LaunchScreen.storyboard */ = {
			isa = PBXVariantGroup;
			children = (
				C41264712672A4B90035983F /* Base */,
			);
			name = LaunchScreen.storyboard;
			sourceTree = "<group>";
		};
/* End PBXVariantGroup section */

/* Begin XCBuildConfiguration section */
		C41264742672A4B90035983F /* Debug */ = {
			isa = XCBuildConfiguration;
			buildSettings = {
				ALWAYS_SEARCH_USER_PATHS = NO;
				CLANG_ANALYZER_NONNULL = YES;
				CLANG_ANALYZER_NUMBER_OBJECT_CONVERSION = YES_AGGRESSIVE;
				CLANG_CXX_LANGUAGE_STANDARD = "gnu++14";
				CLANG_CXX_LIBRARY = "libc++";
				CLANG_ENABLE_MODULES = YES;
				CLANG_ENABLE_OBJC_ARC = YES;
				CLANG_ENABLE_OBJC_WEAK = YES;
				CLANG_WARN_BLOCK_CAPTURE_AUTORELEASING = YES;
				CLANG_WARN_BOOL_CONVERSION = YES;
				CLANG_WARN_COMMA = YES;
				CLANG_WARN_CONSTANT_CONVERSION = YES;
				CLANG_WARN_DEPRECATED_OBJC_IMPLEMENTATIONS = YES;
				CLANG_WARN_DIRECT_OBJC_ISA_USAGE = YES_ERROR;
				CLANG_WARN_DOCUMENTATION_COMMENTS = YES;
				CLANG_WARN_EMPTY_BODY = YES;
				CLANG_WARN_ENUM_CONVERSION = YES;
				CLANG_WARN_INFINITE_RECURSION = YES;
				CLANG_WARN_INT_CONVERSION = YES;
				CLANG_WARN_NON_LITERAL_NULL_CONVERSION = YES;
				CLANG_WARN_OBJC_IMPLICIT_RETAIN_SELF = YES;
				CLANG_WARN_OBJC_LITERAL_CONVERSION = YES;
				CLANG_WARN_OBJC_ROOT_CLASS = YES_ERROR;
				CLANG_WARN_QUOTED_INCLUDE_IN_FRAMEWORK_HEADER = YES;
				CLANG_WARN_RANGE_LOOP_ANALYSIS = YES;
				CLANG_WARN_STRICT_PROTOTYPES = YES;
				CLANG_WARN_SUSPICIOUS_MOVE = YES;
				CLANG_WARN_UNGUARDED_AVAILABILITY = YES_AGGRESSIVE;
				CLANG_WARN_UNREACHABLE_CODE = YES;
				CLANG_WARN__DUPLICATE_METHOD_MATCH = YES;
				COPY_PHASE_STRIP = NO;
				DEBUG_INFORMATION_FORMAT = dwarf;
				ENABLE_STRICT_OBJC_MSGSEND = YES;
				ENABLE_TESTABILITY = YES;
				GCC_C_LANGUAGE_STANDARD = gnu11;
				GCC_DYNAMIC_NO_PIC = NO;
				GCC_NO_COMMON_BLOCKS = YES;
				GCC_OPTIMIZATION_LEVEL = 0;
				GCC_PREPROCESSOR_DEFINITIONS = (
					"DEBUG=1",
					"$(inherited)",
				);
				GCC_WARN_64_TO_32_BIT_CONVERSION = YES;
				GCC_WARN_ABOUT_RETURN_TYPE = YES_ERROR;
				GCC_WARN_UNDECLARED_SELECTOR = YES;
				GCC_WARN_UNINITIALIZED_AUTOS = YES_AGGRESSIVE;
				GCC_WARN_UNUSED_FUNCTION = YES;
				GCC_WARN_UNUSED_VARIABLE = YES;
				IPHONEOS_DEPLOYMENT_TARGET = 15.0;
				MTL_ENABLE_DEBUG_INFO = INCLUDE_SOURCE;
				MTL_FAST_MATH = YES;
				ONLY_ACTIVE_ARCH = YES;
				SDKROOT = iphoneos;
				SWIFT_ACTIVE_COMPILATION_CONDITIONS = DEBUG;
				SWIFT_OPTIMIZATION_LEVEL = "-Onone";
			};
			name = Debug;
		};
		C41264752672A4B90035983F /* Release */ = {
			isa = XCBuildConfiguration;
			buildSettings = {
				ALWAYS_SEARCH_USER_PATHS = NO;
				CLANG_ANALYZER_NONNULL = YES;
				CLANG_ANALYZER_NUMBER_OBJECT_CONVERSION = YES_AGGRESSIVE;
				CLANG_CXX_LANGUAGE_STANDARD = "gnu++14";
				CLANG_CXX_LIBRARY = "libc++";
				CLANG_ENABLE_MODULES = YES;
				CLANG_ENABLE_OBJC_ARC = YES;
				CLANG_ENABLE_OBJC_WEAK = YES;
				CLANG_WARN_BLOCK_CAPTURE_AUTORELEASING = YES;
				CLANG_WARN_BOOL_CONVERSION = YES;
				CLANG_WARN_COMMA = YES;
				CLANG_WARN_CONSTANT_CONVERSION = YES;
				CLANG_WARN_DEPRECATED_OBJC_IMPLEMENTATIONS = YES;
				CLANG_WARN_DIRECT_OBJC_ISA_USAGE = YES_ERROR;
				CLANG_WARN_DOCUMENTATION_COMMENTS = YES;
				CLANG_WARN_EMPTY_BODY = YES;
				CLANG_WARN_ENUM_CONVERSION = YES;
				CLANG_WARN_INFINITE_RECURSION = YES;
				CLANG_WARN_INT_CONVERSION = YES;
				CLANG_WARN_NON_LITERAL_NULL_CONVERSION = YES;
				CLANG_WARN_OBJC_IMPLICIT_RETAIN_SELF = YES;
				CLANG_WARN_OBJC_LITERAL_CONVERSION = YES;
				CLANG_WARN_OBJC_ROOT_CLASS = YES_ERROR;
				CLANG_WARN_QUOTED_INCLUDE_IN_FRAMEWORK_HEADER = YES;
				CLANG_WARN_RANGE_LOOP_ANALYSIS = YES;
				CLANG_WARN_STRICT_PROTOTYPES = YES;
				CLANG_WARN_SUSPICIOUS_MOVE = YES;
				CLANG_WARN_UNGUARDED_AVAILABILITY = YES_AGGRESSIVE;
				CLANG_WARN_UNREACHABLE_CODE = YES;
				CLANG_WARN__DUPLICATE_METHOD_MATCH = YES;
				COPY_PHASE_STRIP = NO;
				DEBUG_INFORMATION_FORMAT = "dwarf-with-dsym";
				ENABLE_NS_ASSERTIONS = NO;
				ENABLE_STRICT_OBJC_MSGSEND = YES;
				GCC_C_LANGUAGE_STANDARD = gnu11;
				GCC_NO_COMMON_BLOCKS = YES;
				GCC_WARN_64_TO_32_BIT_CONVERSION = YES;
				GCC_WARN_ABOUT_RETURN_TYPE = YES_ERROR;
				GCC_WARN_UNDECLARED_SELECTOR = YES;
				GCC_WARN_UNINITIALIZED_AUTOS = YES_AGGRESSIVE;
				GCC_WARN_UNUSED_FUNCTION = YES;
				GCC_WARN_UNUSED_VARIABLE = YES;
				IPHONEOS_DEPLOYMENT_TARGET = 15.0;
				MTL_ENABLE_DEBUG_INFO = NO;
				MTL_FAST_MATH = YES;
				SDKROOT = iphoneos;
				SWIFT_COMPILATION_MODE = wholemodule;
				SWIFT_OPTIMIZATION_LEVEL = "-O";
				VALIDATE_PRODUCT = YES;
			};
			name = Release;
		};
		C41264772672A4B90035983F /* Debug */ = {
			isa = XCBuildConfiguration;
			buildSettings = {
				ASSETCATALOG_COMPILER_APPICON_NAME = AppIcon;
				ASSETCATALOG_COMPILER_GLOBAL_ACCENT_COLOR_NAME = AccentColor;
				CODE_SIGN_ENTITLEMENTS = GroupActivitiesPuppies/GroupActivitiesPuppies.entitlements;
				CODE_SIGN_STYLE = Automatic;
				CURRENT_PROJECT_VERSION = 1;
				DEVELOPMENT_TEAM = 8G7W6WCEM9;
				GENERATE_INFOPLIST_FILE = YES;
				INFOPLIST_FILE = GroupActivitiesPuppies/Info.plist;
				INFOPLIST_KEY_UIApplicationSupportsIndirectInputEvents = YES;
				INFOPLIST_KEY_UILaunchStoryboardName = LaunchScreen;
				INFOPLIST_KEY_UIMainStoryboardFile = Main;
				INFOPLIST_KEY_UISupportedInterfaceOrientations_iPad = "UIInterfaceOrientationPortrait UIInterfaceOrientationPortraitUpsideDown UIInterfaceOrientationLandscapeLeft UIInterfaceOrientationLandscapeRight";
				INFOPLIST_KEY_UISupportedInterfaceOrientations_iPhone = "UIInterfaceOrientationPortrait UIInterfaceOrientationLandscapeLeft UIInterfaceOrientationLandscapeRight";
				LD_RUNPATH_SEARCH_PATHS = (
					"$(inherited)",
					"@executable_path/Frameworks",
				);
				MARKETING_VERSION = 1.0;
				PRODUCT_BUNDLE_IDENTIFIER = net.cockleburr.GroupActivitiesPuppies;
				PRODUCT_NAME = "$(TARGET_NAME)";
				SWIFT_EMIT_LOC_STRINGS = YES;
				SWIFT_VERSION = 5.0;
				TARGETED_DEVICE_FAMILY = "1,2";
			};
			name = Debug;
		};
		C41264782672A4B90035983F /* Release */ = {
			isa = XCBuildConfiguration;
			buildSettings = {
				ASSETCATALOG_COMPILER_APPICON_NAME = AppIcon;
				ASSETCATALOG_COMPILER_GLOBAL_ACCENT_COLOR_NAME = AccentColor;
				CODE_SIGN_ENTITLEMENTS = GroupActivitiesPuppies/GroupActivitiesPuppies.entitlements;
				CODE_SIGN_STYLE = Automatic;
				CURRENT_PROJECT_VERSION = 1;
				DEVELOPMENT_TEAM = 8G7W6WCEM9;
				GENERATE_INFOPLIST_FILE = YES;
				INFOPLIST_FILE = GroupActivitiesPuppies/Info.plist;
				INFOPLIST_KEY_UIApplicationSupportsIndirectInputEvents = YES;
				INFOPLIST_KEY_UILaunchStoryboardName = LaunchScreen;
				INFOPLIST_KEY_UIMainStoryboardFile = Main;
				INFOPLIST_KEY_UISupportedInterfaceOrientations_iPad = "UIInterfaceOrientationPortrait UIInterfaceOrientationPortraitUpsideDown UIInterfaceOrientationLandscapeLeft UIInterfaceOrientationLandscapeRight";
				INFOPLIST_KEY_UISupportedInterfaceOrientations_iPhone = "UIInterfaceOrientationPortrait UIInterfaceOrientationLandscapeLeft UIInterfaceOrientationLandscapeRight";
				LD_RUNPATH_SEARCH_PATHS = (
					"$(inherited)",
					"@executable_path/Frameworks",
				);
				MARKETING_VERSION = 1.0;
				PRODUCT_BUNDLE_IDENTIFIER = net.cockleburr.GroupActivitiesPuppies;
				PRODUCT_NAME = "$(TARGET_NAME)";
				SWIFT_EMIT_LOC_STRINGS = YES;
				SWIFT_VERSION = 5.0;
				TARGETED_DEVICE_FAMILY = "1,2";
			};
			name = Release;
		};
/* End XCBuildConfiguration section */

/* Begin XCConfigurationList section */
		C412645D2672A4B80035983F /* Build configuration list for PBXProject "GroupActivitiesPuppies" */ = {
			isa = XCConfigurationList;
			buildConfigurations = (
				C41264742672A4B90035983F /* Debug */,
				C41264752672A4B90035983F /* Release */,
			);
			defaultConfigurationIsVisible = 0;
			defaultConfigurationName = Release;
		};
		C41264762672A4B90035983F /* Build configuration list for PBXNativeTarget "GroupActivitiesPuppies" */ = {
			isa = XCConfigurationList;
			buildConfigurations = (
				C41264772672A4B90035983F /* Debug */,
				C41264782672A4B90035983F /* Release */,
			);
			defaultConfigurationIsVisible = 0;
			defaultConfigurationName = Release;
		};
/* End XCConfigurationList section */
	};
	rootObject = C412645A2672A4B80035983F /* Project object */;
}
